
Microsoft Visual Studio Solution File, Format Version 12.00
# Visual Studio Version 16
VisualStudioVersion = 16.0.29613.14
MinimumVisualStudioVersion = 10.0.40219.1
Project("{FAE04EC0-301F-11D3-BF4B-00C04F79EFBC}") = "jw414515MIS4200", "jw414515MIS4200.csproj", "{E113A096-861F-4CDD-A7A8-4FBBAAE1CB97}"
EndProject
Global
	GlobalSection(SolutionConfigurationPlatforms) = preSolution
		Debug|Any CPU = Debug|Any CPU
		Release|Any CPU = Release|Any CPU
	EndGlobalSection
	GlobalSection(ProjectConfigurationPlatforms) = postSolution
		{E113A096-861F-4CDD-A7A8-4FBBAAE1CB97}.Debug|Any CPU.ActiveCfg = Debug|Any CPU
		{E113A096-861F-4CDD-A7A8-4FBBAAE1CB97}.Debug|Any CPU.Build.0 = Debug|Any CPU
		{E113A096-861F-4CDD-A7A8-4FBBAAE1CB97}.Release|Any CPU.ActiveCfg = Release|Any CPU
		{E113A096-861F-4CDD-A7A8-4FBBAAE1CB97}.Release|Any CPU.Build.0 = Release|Any CPU
	EndGlobalSection
	GlobalSection(SolutionProperties) = preSolution
		HideSolutionNode = FALSE
	EndGlobalSection
	GlobalSection(ExtensibilityGlobals) = postSolution
		SolutionGuid = {14621622-2F9E-459A-82B3-295324767FA9}
	EndGlobalSection
EndGlobal
